
Microsoft Visual Studio Solution File, Format Version 12.00
# Visual Studio 15
VisualStudioVersion = 15.0.28307.106
MinimumVisualStudioVersion = 10.0.40219.1
Project("{2150E333-8FDC-42A3-9474-1A3956D46DE8}") = "XJKdotNetLibrary", "XJKdotNetLibrary", "{7245F173-F11A-4400-AF87-FD8F500389F7}"
EndProject
Project("{2150E333-8FDC-42A3-9474-1A3956D46DE8}") = "dotNetFramework", "dotNetFramework", "{46466851-09E7-4728-B36F-EC370C6BA8B9}"
EndProject
Project("{2150E333-8FDC-42A3-9474-1A3956D46DE8}") = "dotNetStandard", "dotNetStandard", "{9D25F4C8-AED5-47AD-BA0F-595C9357501C}"
EndProject
Project("{2150E333-8FDC-42A3-9474-1A3956D46DE8}") = "PostSharpX", "PostSharpX", "{88EEF479-C82C-4ABA-A2AB-AE1221D5206A}"
EndProject
Project("{FAE04EC0-301F-11D3-BF4B-00C04F79EFBC}") = "PInvoke", "..\XJKdotNetLibrary\dotNetFramework\PInvoke\PInvoke.csproj", "{C6F66F18-D8AE-4005-B4A2-9FA05A953417}"
EndProject
Project("{FAE04EC0-301F-11D3-BF4B-00C04F79EFBC}") = "SysX", "..\XJKdotNetLibrary\dotNetFramework\SysX\SysX.csproj", "{9CE7C93B-5368-416B-BF14-ED237F813F14}"
EndProject
Project("{FAE04EC0-301F-11D3-BF4B-00C04F79EFBC}") = "WPF", "..\XJKdotNetLibrary\dotNetFramework\WPF\WPF.csproj", "{E91D5857-D99B-4825-BAE8-5CF06C706A3D}"
EndProject
Project("{9A19103F-16F7-4668-BE54-9A1E7A4F7556}") = "Common", "..\XJKdotNetLibrary\dotNetStandard\Common\Common.csproj", "{4C0E8A99-CC96-4AAC-A746-9D47D0250DE9}"
EndProject
Project("{9A19103F-16F7-4668-BE54-9A1E7A4F7556}") = "Network", "..\XJKdotNetLibrary\dotNetStandard\Network\Network.csproj", "{2FE62F6F-7AA5-4DD0-997D-E8D455BD1B00}"
EndProject
Project("{9A19103F-16F7-4668-BE54-9A1E7A4F7556}") = "XDebugger", "..\XJKdotNetLibrary\PostSharpX\XDebugger\XDebugger.csproj", "{D3F9DB2B-6D24-468A-8AEF-C0D5A7F5F394}"
EndProject
Project("{FAE04EC0-301F-11D3-BF4B-00C04F79EFBC}") = "KeepMonitorOn", "KeepMonitorOn\KeepMonitorOn.csproj", "{30F3C16D-3474-41CA-B5C4-8B36DC0715CB}"
EndProject
Project("{FAE04EC0-301F-11D3-BF4B-00C04F79EFBC}") = "InputSpy", "InputSpy\InputSpy.csproj", "{212BDDCC-AFB8-4B0C-A558-254D4F67E7DA}"
EndProject
Project("{C7167F0D-BC9F-4E6E-AFE1-012C56B48DB5}") = "Windows Toolkits Store", "Windows Toolkits Store\Windows Toolkits Store.wapproj", "{0EF11555-FD50-4F27-9C44-12013F631CC0}"
EndProject
Project("{9A19103F-16F7-4668-BE54-9A1E7A4F7556}") = "XObject", "..\XJKdotNetLibrary\PostSharpX\XObject\XObject.csproj", "{2637285F-2C68-4BE8-8404-FD4FEFB89DF9}"
EndProject
Project("{FAE04EC0-301F-11D3-BF4B-00C04F79EFBC}") = "Windows Toolkits", "Windows Toolkits\Windows Toolkits.csproj", "{23A17DA3-3B6C-4084-99CF-CB90807C3356}"
EndProject
Global
	GlobalSection(SolutionConfigurationPlatforms) = preSolution
		Debug|Any CPU = Debug|Any CPU
		Debug|ARM = Debug|ARM
		Debug|ARM64 = Debug|ARM64
		Debug|x64 = Debug|x64
		Debug|x86 = Debug|x86
		Release|Any CPU = Release|Any CPU
		Release|ARM = Release|ARM
		Release|ARM64 = Release|ARM64
		Release|x64 = Release|x64
		Release|x86 = Release|x86
	EndGlobalSection
	GlobalSection(ProjectConfigurationPlatforms) = postSolution
		{C6F66F18-D8AE-4005-B4A2-9FA05A953417}.Debug|Any CPU.ActiveCfg = Debug|Any CPU
		{C6F66F18-D8AE-4005-B4A2-9FA05A953417}.Debug|Any CPU.Build.0 = Debug|Any CPU
		{C6F66F18-D8AE-4005-B4A2-9FA05A953417}.Debug|ARM.ActiveCfg = Debug|Any CPU
		{C6F66F18-D8AE-4005-B4A2-9FA05A953417}.Debug|ARM.Build.0 = Debug|Any CPU
		{C6F66F18-D8AE-4005-B4A2-9FA05A953417}.Debug|ARM64.ActiveCfg = Debug|Any CPU
		{C6F66F18-D8AE-4005-B4A2-9FA05A953417}.Debug|ARM64.Build.0 = Debug|Any CPU
		{C6F66F18-D8AE-4005-B4A2-9FA05A953417}.Debug|x64.ActiveCfg = Debug|x64
		{C6F66F18-D8AE-4005-B4A2-9FA05A953417}.Debug|x64.Build.0 = Debug|x64
		{C6F66F18-D8AE-4005-B4A2-9FA05A953417}.Debug|x86.ActiveCfg = Debug|x86
		{C6F66F18-D8AE-4005-B4A2-9FA05A953417}.Debug|x86.Build.0 = Debug|x86
		{C6F66F18-D8AE-4005-B4A2-9FA05A953417}.Release|Any CPU.ActiveCfg = Release|Any CPU
		{C6F66F18-D8AE-4005-B4A2-9FA05A953417}.Release|Any CPU.Build.0 = Release|Any CPU
		{C6F66F18-D8AE-4005-B4A2-9FA05A953417}.Release|ARM.ActiveCfg = Release|Any CPU
		{C6F66F18-D8AE-4005-B4A2-9FA05A953417}.Release|ARM.Build.0 = Release|Any CPU
		{C6F66F18-D8AE-4005-B4A2-9FA05A953417}.Release|ARM64.ActiveCfg = Release|Any CPU
		{C6F66F18-D8AE-4005-B4A2-9FA05A953417}.Release|ARM64.Build.0 = Release|Any CPU
		{C6F66F18-D8AE-4005-B4A2-9FA05A953417}.Release|x64.ActiveCfg = Release|x64
		{C6F66F18-D8AE-4005-B4A2-9FA05A953417}.Release|x64.Build.0 = Release|x64
		{C6F66F18-D8AE-4005-B4A2-9FA05A953417}.Release|x86.ActiveCfg = Release|x86
		{C6F66F18-D8AE-4005-B4A2-9FA05A953417}.Release|x86.Build.0 = Release|x86
		{9CE7C93B-5368-416B-BF14-ED237F813F14}.Debug|Any CPU.ActiveCfg = Debug|Any CPU
		{9CE7C93B-5368-416B-BF14-ED237F813F14}.Debug|Any CPU.Build.0 = Debug|Any CPU
		{9CE7C93B-5368-416B-BF14-ED237F813F14}.Debug|ARM.ActiveCfg = Debug|Any CPU
		{9CE7C93B-5368-416B-BF14-ED237F813F14}.Debug|ARM.Build.0 = Debug|Any CPU
		{9CE7C93B-5368-416B-BF14-ED237F813F14}.Debug|ARM64.ActiveCfg = Debug|Any CPU
		{9CE7C93B-5368-416B-BF14-ED237F813F14}.Debug|ARM64.Build.0 = Debug|Any CPU
		{9CE7C93B-5368-416B-BF14-ED237F813F14}.Debug|x64.ActiveCfg = Debug|x64
		{9CE7C93B-5368-416B-BF14-ED237F813F14}.Debug|x64.Build.0 = Debug|x64
		{9CE7C93B-5368-416B-BF14-ED237F813F14}.Debug|x86.ActiveCfg = Debug|x86
		{9CE7C93B-5368-416B-BF14-ED237F813F14}.Debug|x86.Build.0 = Debug|x86
		{9CE7C93B-5368-416B-BF14-ED237F813F14}.Release|Any CPU.ActiveCfg = Release|Any CPU
		{9CE7C93B-5368-416B-BF14-ED237F813F14}.Release|Any CPU.Build.0 = Release|Any CPU
		{9CE7C93B-5368-416B-BF14-ED237F813F14}.Release|ARM.ActiveCfg = Release|Any CPU
		{9CE7C93B-5368-416B-BF14-ED237F813F14}.Release|ARM.Build.0 = Release|Any CPU
		{9CE7C93B-5368-416B-BF14-ED237F813F14}.Release|ARM64.ActiveCfg = Release|Any CPU
		{9CE7C93B-5368-416B-BF14-ED237F813F14}.Release|ARM64.Build.0 = Release|Any CPU
		{9CE7C93B-5368-416B-BF14-ED237F813F14}.Release|x64.ActiveCfg = Release|x64
		{9CE7C93B-5368-416B-BF14-ED237F813F14}.Release|x64.Build.0 = Release|x64
		{9CE7C93B-5368-416B-BF14-ED237F813F14}.Release|x86.ActiveCfg = Release|x86
		{9CE7C93B-5368-416B-BF14-ED237F813F14}.Release|x86.Build.0 = Release|x86
		{E91D5857-D99B-4825-BAE8-5CF06C706A3D}.Debug|Any CPU.ActiveCfg = Debug|Any CPU
		{E91D5857-D99B-4825-BAE8-5CF06C706A3D}.Debug|Any CPU.Build.0 = Debug|Any CPU
		{E91D5857-D99B-4825-BAE8-5CF06C706A3D}.Debug|ARM.ActiveCfg = Debug|Any CPU
		{E91D5857-D99B-4825-BAE8-5CF06C706A3D}.Debug|ARM.Build.0 = Debug|Any CPU
		{E91D5857-D99B-4825-BAE8-5CF06C706A3D}.Debug|ARM64.ActiveCfg = Debug|Any CPU
		{E91D5857-D99B-4825-BAE8-5CF06C706A3D}.Debug|ARM64.Build.0 = Debug|Any CPU
		{E91D5857-D99B-4825-BAE8-5CF06C706A3D}.Debug|x64.ActiveCfg = Debug|x64
		{E91D5857-D99B-4825-BAE8-5CF06C706A3D}.Debug|x64.Build.0 = Debug|x64
		{E91D5857-D99B-4825-BAE8-5CF06C706A3D}.Debug|x86.ActiveCfg = Debug|x86
		{E91D5857-D99B-4825-BAE8-5CF06C706A3D}.Debug|x86.Build.0 = Debug|x86
		{E91D5857-D99B-4825-BAE8-5CF06C706A3D}.Release|Any CPU.ActiveCfg = Release|Any CPU
		{E91D5857-D99B-4825-BAE8-5CF06C706A3D}.Release|Any CPU.Build.0 = Release|Any CPU
		{E91D5857-D99B-4825-BAE8-5CF06C706A3D}.Release|ARM.ActiveCfg = Release|Any CPU
		{E91D5857-D99B-4825-BAE8-5CF06C706A3D}.Release|ARM.Build.0 = Release|Any CPU
		{E91D5857-D99B-4825-BAE8-5CF06C706A3D}.Release|ARM64.ActiveCfg = Release|Any CPU
		{E91D5857-D99B-4825-BAE8-5CF06C706A3D}.Release|ARM64.Build.0 = Release|Any CPU
		{E91D5857-D99B-4825-BAE8-5CF06C706A3D}.Release|x64.ActiveCfg = Release|x64
		{E91D5857-D99B-4825-BAE8-5CF06C706A3D}.Release|x64.Build.0 = Release|x64
		{E91D5857-D99B-4825-BAE8-5CF06C706A3D}.Release|x86.ActiveCfg = Release|x86
		{E91D5857-D99B-4825-BAE8-5CF06C706A3D}.Release|x86.Build.0 = Release|x86
		{4C0E8A99-CC96-4AAC-A746-9D47D0250DE9}.Debug|Any CPU.ActiveCfg = Debug|Any CPU
		{4C0E8A99-CC96-4AAC-A746-9D47D0250DE9}.Debug|Any CPU.Build.0 = Debug|Any CPU
		{4C0E8A99-CC96-4AAC-A746-9D47D0250DE9}.Debug|ARM.ActiveCfg = Debug|Any CPU
		{4C0E8A99-CC96-4AAC-A746-9D47D0250DE9}.Debug|ARM.Build.0 = Debug|Any CPU
		{4C0E8A99-CC96-4AAC-A746-9D47D0250DE9}.Debug|ARM64.ActiveCfg = Debug|Any CPU
		{4C0E8A99-CC96-4AAC-A746-9D47D0250DE9}.Debug|ARM64.Build.0 = Debug|Any CPU
		{4C0E8A99-CC96-4AAC-A746-9D47D0250DE9}.Debug|x64.ActiveCfg = Debug|x64
		{4C0E8A99-CC96-4AAC-A746-9D47D0250DE9}.Debug|x64.Build.0 = Debug|x64
		{4C0E8A99-CC96-4AAC-A746-9D47D0250DE9}.Debug|x86.ActiveCfg = Debug|x86
		{4C0E8A99-CC96-4AAC-A746-9D47D0250DE9}.Debug|x86.Build.0 = Debug|x86
		{4C0E8A99-CC96-4AAC-A746-9D47D0250DE9}.Release|Any CPU.ActiveCfg = Release|Any CPU
		{4C0E8A99-CC96-4AAC-A746-9D47D0250DE9}.Release|Any CPU.Build.0 = Release|Any CPU
		{4C0E8A99-CC96-4AAC-A746-9D47D0250DE9}.Release|ARM.ActiveCfg = Release|Any CPU
		{4C0E8A99-CC96-4AAC-A746-9D47D0250DE9}.Release|ARM.Build.0 = Release|Any CPU
		{4C0E8A99-CC96-4AAC-A746-9D47D0250DE9}.Release|ARM64.ActiveCfg = Release|Any CPU
		{4C0E8A99-CC96-4AAC-A746-9D47D0250DE9}.Release|ARM64.Build.0 = Release|Any CPU
		{4C0E8A99-CC96-4AAC-A746-9D47D0250DE9}.Release|x64.ActiveCfg = Release|x64
		{4C0E8A99-CC96-4AAC-A746-9D47D0250DE9}.Release|x64.Build.0 = Release|x64
		{4C0E8A99-CC96-4AAC-A746-9D47D0250DE9}.Release|x86.ActiveCfg = Release|x86
		{4C0E8A99-CC96-4AAC-A746-9D47D0250DE9}.Release|x86.Build.0 = Release|x86
		{2FE62F6F-7AA5-4DD0-997D-E8D455BD1B00}.Debug|Any CPU.ActiveCfg = Debug|Any CPU
		{2FE62F6F-7AA5-4DD0-997D-E8D455BD1B00}.Debug|Any CPU.Build.0 = Debug|Any CPU
		{2FE62F6F-7AA5-4DD0-997D-E8D455BD1B00}.Debug|ARM.ActiveCfg = Debug|Any CPU
		{2FE62F6F-7AA5-4DD0-997D-E8D455BD1B00}.Debug|ARM.Build.0 = Debug|Any CPU
		{2FE62F6F-7AA5-4DD0-997D-E8D455BD1B00}.Debug|ARM64.ActiveCfg = Debug|Any CPU
		{2FE62F6F-7AA5-4DD0-997D-E8D455BD1B00}.Debug|ARM64.Build.0 = Debug|Any CPU
		{2FE62F6F-7AA5-4DD0-997D-E8D455BD1B00}.Debug|x64.ActiveCfg = Debug|x64
		{2FE62F6F-7AA5-4DD0-997D-E8D455BD1B00}.Debug|x64.Build.0 = Debug|x64
		{2FE62F6F-7AA5-4DD0-997D-E8D455BD1B00}.Debug|x86.ActiveCfg = Debug|x86
		{2FE62F6F-7AA5-4DD0-997D-E8D455BD1B00}.Debug|x86.Build.0 = Debug|x86
		{2FE62F6F-7AA5-4DD0-997D-E8D455BD1B00}.Release|Any CPU.ActiveCfg = Release|Any CPU
		{2FE62F6F-7AA5-4DD0-997D-E8D455BD1B00}.Release|Any CPU.Build.0 = Release|Any CPU
		{2FE62F6F-7AA5-4DD0-997D-E8D455BD1B00}.Release|ARM.ActiveCfg = Release|Any CPU
		{2FE62F6F-7AA5-4DD0-997D-E8D455BD1B00}.Release|ARM.Build.0 = Release|Any CPU
		{2FE62F6F-7AA5-4DD0-997D-E8D455BD1B00}.Release|ARM64.ActiveCfg = Release|Any CPU
		{2FE62F6F-7AA5-4DD0-997D-E8D455BD1B00}.Release|ARM64.Build.0 = Release|Any CPU
		{2FE62F6F-7AA5-4DD0-997D-E8D455BD1B00}.Release|x64.ActiveCfg = Release|x64
		{2FE62F6F-7AA5-4DD0-997D-E8D455BD1B00}.Release|x64.Build.0 = Release|x64
		{2FE62F6F-7AA5-4DD0-997D-E8D455BD1B00}.Release|x86.ActiveCfg = Release|x86
		{2FE62F6F-7AA5-4DD0-997D-E8D455BD1B00}.Release|x86.Build.0 = Release|x86
		{D3F9DB2B-6D24-468A-8AEF-C0D5A7F5F394}.Debug|Any CPU.ActiveCfg = Debug|Any CPU
		{D3F9DB2B-6D24-468A-8AEF-C0D5A7F5F394}.Debug|Any CPU.Build.0 = Debug|Any CPU
		{D3F9DB2B-6D24-468A-8AEF-C0D5A7F5F394}.Debug|ARM.ActiveCfg = Debug|Any CPU
		{D3F9DB2B-6D24-468A-8AEF-C0D5A7F5F394}.Debug|ARM.Build.0 = Debug|Any CPU
		{D3F9DB2B-6D24-468A-8AEF-C0D5A7F5F394}.Debug|ARM64.ActiveCfg = Debug|Any CPU
		{D3F9DB2B-6D24-468A-8AEF-C0D5A7F5F394}.Debug|ARM64.Build.0 = Debug|Any CPU
		{D3F9DB2B-6D24-468A-8AEF-C0D5A7F5F394}.Debug|x64.ActiveCfg = Debug|x64
		{D3F9DB2B-6D24-468A-8AEF-C0D5A7F5F394}.Debug|x64.Build.0 = Debug|x64
		{D3F9DB2B-6D24-468A-8AEF-C0D5A7F5F394}.Debug|x86.ActiveCfg = Debug|x86
		{D3F9DB2B-6D24-468A-8AEF-C0D5A7F5F394}.Debug|x86.Build.0 = Debug|x86
		{D3F9DB2B-6D24-468A-8AEF-C0D5A7F5F394}.Release|Any CPU.ActiveCfg = Release|Any CPU
		{D3F9DB2B-6D24-468A-8AEF-C0D5A7F5F394}.Release|Any CPU.Build.0 = Release|Any CPU
		{D3F9DB2B-6D24-468A-8AEF-C0D5A7F5F394}.Release|ARM.ActiveCfg = Release|Any CPU
		{D3F9DB2B-6D24-468A-8AEF-C0D5A7F5F394}.Release|ARM.Build.0 = Release|Any CPU
		{D3F9DB2B-6D24-468A-8AEF-C0D5A7F5F394}.Release|ARM64.ActiveCfg = Release|Any CPU
		{D3F9DB2B-6D24-468A-8AEF-C0D5A7F5F394}.Release|ARM64.Build.0 = Release|Any CPU
		{D3F9DB2B-6D24-468A-8AEF-C0D5A7F5F394}.Release|x64.ActiveCfg = Release|x64
		{D3F9DB2B-6D24-468A-8AEF-C0D5A7F5F394}.Release|x64.Build.0 = Release|x64
		{D3F9DB2B-6D24-468A-8AEF-C0D5A7F5F394}.Release|x86.ActiveCfg = Release|x86
		{D3F9DB2B-6D24-468A-8AEF-C0D5A7F5F394}.Release|x86.Build.0 = Release|x86
		{30F3C16D-3474-41CA-B5C4-8B36DC0715CB}.Debug|Any CPU.ActiveCfg = Debug|x86
		{30F3C16D-3474-41CA-B5C4-8B36DC0715CB}.Debug|ARM.ActiveCfg = Debug|x86
		{30F3C16D-3474-41CA-B5C4-8B36DC0715CB}.Debug|ARM64.ActiveCfg = Debug|x86
		{30F3C16D-3474-41CA-B5C4-8B36DC0715CB}.Debug|x64.ActiveCfg = Debug|x64
		{30F3C16D-3474-41CA-B5C4-8B36DC0715CB}.Debug|x64.Build.0 = Debug|x64
		{30F3C16D-3474-41CA-B5C4-8B36DC0715CB}.Debug|x86.ActiveCfg = Debug|x86
		{30F3C16D-3474-41CA-B5C4-8B36DC0715CB}.Debug|x86.Build.0 = Debug|x86
		{30F3C16D-3474-41CA-B5C4-8B36DC0715CB}.Release|Any CPU.ActiveCfg = Release|x86
		{30F3C16D-3474-41CA-B5C4-8B36DC0715CB}.Release|ARM.ActiveCfg = Release|x86
		{30F3C16D-3474-41CA-B5C4-8B36DC0715CB}.Release|ARM64.ActiveCfg = Release|x86
		{30F3C16D-3474-41CA-B5C4-8B36DC0715CB}.Release|x64.ActiveCfg = Release|x64
		{30F3C16D-3474-41CA-B5C4-8B36DC0715CB}.Release|x64.Build.0 = Release|x64
		{30F3C16D-3474-41CA-B5C4-8B36DC0715CB}.Release|x86.ActiveCfg = Release|x86
		{30F3C16D-3474-41CA-B5C4-8B36DC0715CB}.Release|x86.Build.0 = Release|x86
		{212BDDCC-AFB8-4B0C-A558-254D4F67E7DA}.Debug|Any CPU.ActiveCfg = Debug|Any CPU
		{212BDDCC-AFB8-4B0C-A558-254D4F67E7DA}.Debug|Any CPU.Build.0 = Debug|Any CPU
		{212BDDCC-AFB8-4B0C-A558-254D4F67E7DA}.Debug|ARM.ActiveCfg = Debug|Any CPU
		{212BDDCC-AFB8-4B0C-A558-254D4F67E7DA}.Debug|ARM.Build.0 = Debug|Any CPU
		{212BDDCC-AFB8-4B0C-A558-254D4F67E7DA}.Debug|ARM64.ActiveCfg = Debug|Any CPU
		{212BDDCC-AFB8-4B0C-A558-254D4F67E7DA}.Debug|ARM64.Build.0 = Debug|Any CPU
		{212BDDCC-AFB8-4B0C-A558-254D4F67E7DA}.Debug|x64.ActiveCfg = Debug|x64
		{212BDDCC-AFB8-4B0C-A558-254D4F67E7DA}.Debug|x64.Build.0 = Debug|x64
		{212BDDCC-AFB8-4B0C-A558-254D4F67E7DA}.Debug|x86.ActiveCfg = Debug|x86
		{212BDDCC-AFB8-4B0C-A558-254D4F67E7DA}.Debug|x86.Build.0 = Debug|x86
		{212BDDCC-AFB8-4B0C-A558-254D4F67E7DA}.Release|Any CPU.ActiveCfg = Release|Any CPU
		{212BDDCC-AFB8-4B0C-A558-254D4F67E7DA}.Release|Any CPU.Build.0 = Release|Any CPU
		{212BDDCC-AFB8-4B0C-A558-254D4F67E7DA}.Release|ARM.ActiveCfg = Release|Any CPU
		{212BDDCC-AFB8-4B0C-A558-254D4F67E7DA}.Release|ARM.Build.0 = Release|Any CPU
		{212BDDCC-AFB8-4B0C-A558-254D4F67E7DA}.Release|ARM64.ActiveCfg = Release|Any CPU
		{212BDDCC-AFB8-4B0C-A558-254D4F67E7DA}.Release|ARM64.Build.0 = Release|Any CPU
		{212BDDCC-AFB8-4B0C-A558-254D4F67E7DA}.Release|x64.ActiveCfg = Release|x64
		{212BDDCC-AFB8-4B0C-A558-254D4F67E7DA}.Release|x64.Build.0 = Release|x64
		{212BDDCC-AFB8-4B0C-A558-254D4F67E7DA}.Release|x86.ActiveCfg = Release|x86
		{212BDDCC-AFB8-4B0C-A558-254D4F67E7DA}.Release|x86.Build.0 = Release|x86
		{0EF11555-FD50-4F27-9C44-12013F631CC0}.Debug|Any CPU.ActiveCfg = Debug|Any CPU
		{0EF11555-FD50-4F27-9C44-12013F631CC0}.Debug|Any CPU.Build.0 = Debug|Any CPU
		{0EF11555-FD50-4F27-9C44-12013F631CC0}.Debug|Any CPU.Deploy.0 = Debug|Any CPU
		{0EF11555-FD50-4F27-9C44-12013F631CC0}.Debug|ARM.ActiveCfg = Debug|Any CPU
		{0EF11555-FD50-4F27-9C44-12013F631CC0}.Debug|ARM.Build.0 = Debug|Any CPU
		{0EF11555-FD50-4F27-9C44-12013F631CC0}.Debug|ARM.Deploy.0 = Debug|Any CPU
		{0EF11555-FD50-4F27-9C44-12013F631CC0}.Debug|ARM64.ActiveCfg = Debug|Any CPU
		{0EF11555-FD50-4F27-9C44-12013F631CC0}.Debug|ARM64.Build.0 = Debug|Any CPU
		{0EF11555-FD50-4F27-9C44-12013F631CC0}.Debug|ARM64.Deploy.0 = Debug|Any CPU
		{0EF11555-FD50-4F27-9C44-12013F631CC0}.Debug|x64.ActiveCfg = Debug|x64
		{0EF11555-FD50-4F27-9C44-12013F631CC0}.Debug|x64.Build.0 = Debug|x64
		{0EF11555-FD50-4F27-9C44-12013F631CC0}.Debug|x64.Deploy.0 = Debug|x64
		{0EF11555-FD50-4F27-9C44-12013F631CC0}.Debug|x86.ActiveCfg = Debug|x86
		{0EF11555-FD50-4F27-9C44-12013F631CC0}.Debug|x86.Build.0 = Debug|x86
		{0EF11555-FD50-4F27-9C44-12013F631CC0}.Debug|x86.Deploy.0 = Debug|x86
		{0EF11555-FD50-4F27-9C44-12013F631CC0}.Release|Any CPU.ActiveCfg = Release|Any CPU
		{0EF11555-FD50-4F27-9C44-12013F631CC0}.Release|Any CPU.Build.0 = Release|Any CPU
		{0EF11555-FD50-4F27-9C44-12013F631CC0}.Release|Any CPU.Deploy.0 = Release|Any CPU
		{0EF11555-FD50-4F27-9C44-12013F631CC0}.Release|ARM.ActiveCfg = Release|Any CPU
		{0EF11555-FD50-4F27-9C44-12013F631CC0}.Release|ARM.Build.0 = Release|Any CPU
		{0EF11555-FD50-4F27-9C44-12013F631CC0}.Release|ARM.Deploy.0 = Release|Any CPU
		{0EF11555-FD50-4F27-9C44-12013F631CC0}.Release|ARM64.ActiveCfg = Release|Any CPU
		{0EF11555-FD50-4F27-9C44-12013F631CC0}.Release|ARM64.Build.0 = Release|Any CPU
		{0EF11555-FD50-4F27-9C44-12013F631CC0}.Release|ARM64.Deploy.0 = Release|Any CPU
		{0EF11555-FD50-4F27-9C44-12013F631CC0}.Release|x64.ActiveCfg = Release|x64
		{0EF11555-FD50-4F27-9C44-12013F631CC0}.Release|x64.Build.0 = Release|x64
		{0EF11555-FD50-4F27-9C44-12013F631CC0}.Release|x64.Deploy.0 = Release|x64
		{0EF11555-FD50-4F27-9C44-12013F631CC0}.Release|x86.ActiveCfg = Release|x86
		{0EF11555-FD50-4F27-9C44-12013F631CC0}.Release|x86.Build.0 = Release|x86
		{0EF11555-FD50-4F27-9C44-12013F631CC0}.Release|x86.Deploy.0 = Release|x86
		{2637285F-2C68-4BE8-8404-FD4FEFB89DF9}.Debug|Any CPU.ActiveCfg = Debug|Any CPU
		{2637285F-2C68-4BE8-8404-FD4FEFB89DF9}.Debug|Any CPU.Build.0 = Debug|Any CPU
		{2637285F-2C68-4BE8-8404-FD4FEFB89DF9}.Debug|ARM.ActiveCfg = Debug|Any CPU
		{2637285F-2C68-4BE8-8404-FD4FEFB89DF9}.Debug|ARM.Build.0 = Debug|Any CPU
		{2637285F-2C68-4BE8-8404-FD4FEFB89DF9}.Debug|ARM64.ActiveCfg = Debug|Any CPU
		{2637285F-2C68-4BE8-8404-FD4FEFB89DF9}.Debug|ARM64.Build.0 = Debug|Any CPU
		{2637285F-2C68-4BE8-8404-FD4FEFB89DF9}.Debug|x64.ActiveCfg = Debug|x64
		{2637285F-2C68-4BE8-8404-FD4FEFB89DF9}.Debug|x64.Build.0 = Debug|x64
		{2637285F-2C68-4BE8-8404-FD4FEFB89DF9}.Debug|x86.ActiveCfg = Debug|x86
		{2637285F-2C68-4BE8-8404-FD4FEFB89DF9}.Debug|x86.Build.0 = Debug|x86
		{2637285F-2C68-4BE8-8404-FD4FEFB89DF9}.Release|Any CPU.ActiveCfg = Release|Any CPU
		{2637285F-2C68-4BE8-8404-FD4FEFB89DF9}.Release|Any CPU.Build.0 = Release|Any CPU
		{2637285F-2C68-4BE8-8404-FD4FEFB89DF9}.Release|ARM.ActiveCfg = Release|Any CPU
		{2637285F-2C68-4BE8-8404-FD4FEFB89DF9}.Release|ARM.Build.0 = Release|Any CPU
		{2637285F-2C68-4BE8-8404-FD4FEFB89DF9}.Release|ARM64.ActiveCfg = Release|Any CPU
		{2637285F-2C68-4BE8-8404-FD4FEFB89DF9}.Release|ARM64.Build.0 = Release|Any CPU
		{2637285F-2C68-4BE8-8404-FD4FEFB89DF9}.Release|x64.ActiveCfg = Release|x64
		{2637285F-2C68-4BE8-8404-FD4FEFB89DF9}.Release|x64.Build.0 = Release|x64
		{2637285F-2C68-4BE8-8404-FD4FEFB89DF9}.Release|x86.ActiveCfg = Release|x86
		{2637285F-2C68-4BE8-8404-FD4FEFB89DF9}.Release|x86.Build.0 = Release|x86
		{23A17DA3-3B6C-4084-99CF-CB90807C3356}.Debug|Any CPU.ActiveCfg = Debug|x86
		{23A17DA3-3B6C-4084-99CF-CB90807C3356}.Debug|ARM.ActiveCfg = Debug|x86
		{23A17DA3-3B6C-4084-99CF-CB90807C3356}.Debug|ARM64.ActiveCfg = Debug|x86
		{23A17DA3-3B6C-4084-99CF-CB90807C3356}.Debug|x64.ActiveCfg = Debug|x64
		{23A17DA3-3B6C-4084-99CF-CB90807C3356}.Debug|x64.Build.0 = Debug|x64
		{23A17DA3-3B6C-4084-99CF-CB90807C3356}.Debug|x86.ActiveCfg = Debug|x86
		{23A17DA3-3B6C-4084-99CF-CB90807C3356}.Debug|x86.Build.0 = Debug|x86
		{23A17DA3-3B6C-4084-99CF-CB90807C3356}.Release|Any CPU.ActiveCfg = Release|x86
		{23A17DA3-3B6C-4084-99CF-CB90807C3356}.Release|ARM.ActiveCfg = Release|x86
		{23A17DA3-3B6C-4084-99CF-CB90807C3356}.Release|ARM64.ActiveCfg = Release|x86
		{23A17DA3-3B6C-4084-99CF-CB90807C3356}.Release|x64.ActiveCfg = Release|x64
		{23A17DA3-3B6C-4084-99CF-CB90807C3356}.Release|x64.Build.0 = Release|x64
		{23A17DA3-3B6C-4084-99CF-CB90807C3356}.Release|x86.ActiveCfg = Release|x86
		{23A17DA3-3B6C-4084-99CF-CB90807C3356}.Release|x86.Build.0 = Release|x86
	EndGlobalSection
	GlobalSection(SolutionProperties) = preSolution
		HideSolutionNode = FALSE
	EndGlobalSection
	GlobalSection(NestedProjects) = preSolution
		{46466851-09E7-4728-B36F-EC370C6BA8B9} = {7245F173-F11A-4400-AF87-FD8F500389F7}
		{9D25F4C8-AED5-47AD-BA0F-595C9357501C} = {7245F173-F11A-4400-AF87-FD8F500389F7}
		{88EEF479-C82C-4ABA-A2AB-AE1221D5206A} = {7245F173-F11A-4400-AF87-FD8F500389F7}
		{C6F66F18-D8AE-4005-B4A2-9FA05A953417} = {46466851-09E7-4728-B36F-EC370C6BA8B9}
		{9CE7C93B-5368-416B-BF14-ED237F813F14} = {46466851-09E7-4728-B36F-EC370C6BA8B9}
		{E91D5857-D99B-4825-BAE8-5CF06C706A3D} = {46466851-09E7-4728-B36F-EC370C6BA8B9}
		{4C0E8A99-CC96-4AAC-A746-9D47D0250DE9} = {9D25F4C8-AED5-47AD-BA0F-595C9357501C}
		{2FE62F6F-7AA5-4DD0-997D-E8D455BD1B00} = {9D25F4C8-AED5-47AD-BA0F-595C9357501C}
		{D3F9DB2B-6D24-468A-8AEF-C0D5A7F5F394} = {88EEF479-C82C-4ABA-A2AB-AE1221D5206A}
		{2637285F-2C68-4BE8-8404-FD4FEFB89DF9} = {88EEF479-C82C-4ABA-A2AB-AE1221D5206A}
	EndGlobalSection
	GlobalSection(ExtensibilityGlobals) = postSolution
		SolutionGuid = {F768AC96-6F14-464D-9A40-D16BC5DC2FE0}
	EndGlobalSection
EndGlobal
