
Microsoft Visual Studio Solution File, Format Version 12.00
# Visual Studio 15
VisualStudioVersion = 15.0.28307.106
MinimumVisualStudioVersion = 10.0.40219.1
Project("{2150E333-8FDC-42A3-9474-1A3956D46DE8}") = "XJKdotNetLibrary", "XJKdotNetLibrary", "{7245F173-F11A-4400-AF87-FD8F500389F7}"
EndProject
Project("{2150E333-8FDC-42A3-9474-1A3956D46DE8}") = "dotNetFramework", "dotNetFramework", "{46466851-09E7-4728-B36F-EC370C6BA8B9}"
EndProject
Project("{2150E333-8FDC-42A3-9474-1A3956D46DE8}") = "dotNetStandard", "dotNetStandard", "{9D25F4C8-AED5-47AD-BA0F-595C9357501C}"
EndProject
Project("{2150E333-8FDC-42A3-9474-1A3956D46DE8}") = "PostSharpX", "PostSharpX", "{88EEF479-C82C-4ABA-A2AB-AE1221D5206A}"
EndProject
Project("{FAE04EC0-301F-11D3-BF4B-00C04F79EFBC}") = "KeepMonitorOn", "KeepMonitorOn\KeepMonitorOn.csproj", "{30F3C16D-3474-41CA-B5C4-8B36DC0715CB}"
EndProject
Project("{FAE04EC0-301F-11D3-BF4B-00C04F79EFBC}") = "InputSpy", "InputSpy\InputSpy.csproj", "{212BDDCC-AFB8-4B0C-A558-254D4F67E7DA}"
EndProject
Project("{C7167F0D-BC9F-4E6E-AFE1-012C56B48DB5}") = "Windows Toolkits Store", "Windows Toolkits Store\Windows Toolkits Store.wapproj", "{0EF11555-FD50-4F27-9C44-12013F631CC0}"
EndProject
Project("{FAE04EC0-301F-11D3-BF4B-00C04F79EFBC}") = "Windows Toolkits", "Windows Toolkits\Windows Toolkits.csproj", "{23A17DA3-3B6C-4084-99CF-CB90807C3356}"
EndProject
Project("{FAE04EC0-301F-11D3-BF4B-00C04F79EFBC}") = "Network", "Network\Network.csproj", "{D9C9D7B6-607F-47E0-A012-95D2EA26522C}"
EndProject
Project("{9A19103F-16F7-4668-BE54-9A1E7A4F7556}") = "XJK.PInvoke", "..\XJKdotNetLibrary\dotNetFramework\PInvoke\XJK.PInvoke.csproj", "{47713386-22CC-4034-8937-4D3B5AAD8B7F}"
EndProject
Project("{FAE04EC0-301F-11D3-BF4B-00C04F79EFBC}") = "XJK.SysX", "..\XJKdotNetLibrary\dotNetFramework\SysX\XJK.SysX.csproj", "{0B364D67-F5DF-499D-87E3-93EBA78CFB11}"
EndProject
Project("{FAE04EC0-301F-11D3-BF4B-00C04F79EFBC}") = "XJK.WPF", "..\XJKdotNetLibrary\dotNetFramework\WPF\XJK.WPF.csproj", "{E91D5857-D99B-4825-BAE8-5CF06C706A3D}"
EndProject
Project("{9A19103F-16F7-4668-BE54-9A1E7A4F7556}") = "XJK.Common", "..\XJKdotNetLibrary\dotNetStandard\Common\XJK.Common.csproj", "{FCAECAF2-A2BB-4EFB-B148-5CFCFBE21B66}"
EndProject
Project("{9A19103F-16F7-4668-BE54-9A1E7A4F7556}") = "XJK.Network", "..\XJKdotNetLibrary\dotNetStandard\Network\XJK.Network.csproj", "{DE496973-881C-492F-8C18-BAFB0D6EDDE4}"
EndProject
Project("{9A19103F-16F7-4668-BE54-9A1E7A4F7556}") = "XJK.XAspects", "..\XJKdotNetLibrary\PostSharpX\XAspects\XJK.XAspects.csproj", "{8D1B7825-C616-4690-89F2-0A26D3368C91}"
EndProject
Project("{9A19103F-16F7-4668-BE54-9A1E7A4F7556}") = "XJK.XObject", "..\XJKdotNetLibrary\PostSharpX\XObject\XJK.XObject.csproj", "{E8B519AA-E3EE-4F38-8156-CEBF475EEA33}"
EndProject
Global
	GlobalSection(SolutionConfigurationPlatforms) = preSolution
		Debug|Any CPU = Debug|Any CPU
		Debug|x64 = Debug|x64
		Debug|x86 = Debug|x86
		Release|Any CPU = Release|Any CPU
		Release|x64 = Release|x64
		Release|x86 = Release|x86
	EndGlobalSection
	GlobalSection(ProjectConfigurationPlatforms) = postSolution
		{30F3C16D-3474-41CA-B5C4-8B36DC0715CB}.Debug|Any CPU.ActiveCfg = Debug|Any CPU
		{30F3C16D-3474-41CA-B5C4-8B36DC0715CB}.Debug|Any CPU.Build.0 = Debug|Any CPU
		{30F3C16D-3474-41CA-B5C4-8B36DC0715CB}.Debug|x64.ActiveCfg = Debug|x64
		{30F3C16D-3474-41CA-B5C4-8B36DC0715CB}.Debug|x64.Build.0 = Debug|x64
		{30F3C16D-3474-41CA-B5C4-8B36DC0715CB}.Debug|x86.ActiveCfg = Debug|x86
		{30F3C16D-3474-41CA-B5C4-8B36DC0715CB}.Debug|x86.Build.0 = Debug|x86
		{30F3C16D-3474-41CA-B5C4-8B36DC0715CB}.Release|Any CPU.ActiveCfg = Release|Any CPU
		{30F3C16D-3474-41CA-B5C4-8B36DC0715CB}.Release|Any CPU.Build.0 = Release|Any CPU
		{30F3C16D-3474-41CA-B5C4-8B36DC0715CB}.Release|x64.ActiveCfg = Release|x64
		{30F3C16D-3474-41CA-B5C4-8B36DC0715CB}.Release|x64.Build.0 = Release|x64
		{30F3C16D-3474-41CA-B5C4-8B36DC0715CB}.Release|x86.ActiveCfg = Release|x86
		{30F3C16D-3474-41CA-B5C4-8B36DC0715CB}.Release|x86.Build.0 = Release|x86
		{212BDDCC-AFB8-4B0C-A558-254D4F67E7DA}.Debug|Any CPU.ActiveCfg = Debug|Any CPU
		{212BDDCC-AFB8-4B0C-A558-254D4F67E7DA}.Debug|Any CPU.Build.0 = Debug|Any CPU
		{212BDDCC-AFB8-4B0C-A558-254D4F67E7DA}.Debug|x64.ActiveCfg = Debug|x64
		{212BDDCC-AFB8-4B0C-A558-254D4F67E7DA}.Debug|x64.Build.0 = Debug|x64
		{212BDDCC-AFB8-4B0C-A558-254D4F67E7DA}.Debug|x86.ActiveCfg = Debug|x86
		{212BDDCC-AFB8-4B0C-A558-254D4F67E7DA}.Debug|x86.Build.0 = Debug|x86
		{212BDDCC-AFB8-4B0C-A558-254D4F67E7DA}.Release|Any CPU.ActiveCfg = Release|Any CPU
		{212BDDCC-AFB8-4B0C-A558-254D4F67E7DA}.Release|Any CPU.Build.0 = Release|Any CPU
		{212BDDCC-AFB8-4B0C-A558-254D4F67E7DA}.Release|x64.ActiveCfg = Release|x64
		{212BDDCC-AFB8-4B0C-A558-254D4F67E7DA}.Release|x64.Build.0 = Release|x64
		{212BDDCC-AFB8-4B0C-A558-254D4F67E7DA}.Release|x86.ActiveCfg = Release|x86
		{212BDDCC-AFB8-4B0C-A558-254D4F67E7DA}.Release|x86.Build.0 = Release|x86
		{0EF11555-FD50-4F27-9C44-12013F631CC0}.Debug|Any CPU.ActiveCfg = Debug|Any CPU
		{0EF11555-FD50-4F27-9C44-12013F631CC0}.Debug|Any CPU.Build.0 = Debug|Any CPU
		{0EF11555-FD50-4F27-9C44-12013F631CC0}.Debug|Any CPU.Deploy.0 = Debug|Any CPU
		{0EF11555-FD50-4F27-9C44-12013F631CC0}.Debug|x64.ActiveCfg = Debug|x64
		{0EF11555-FD50-4F27-9C44-12013F631CC0}.Debug|x64.Build.0 = Debug|x64
		{0EF11555-FD50-4F27-9C44-12013F631CC0}.Debug|x64.Deploy.0 = Debug|x64
		{0EF11555-FD50-4F27-9C44-12013F631CC0}.Debug|x86.ActiveCfg = Debug|x86
		{0EF11555-FD50-4F27-9C44-12013F631CC0}.Debug|x86.Build.0 = Debug|x86
		{0EF11555-FD50-4F27-9C44-12013F631CC0}.Debug|x86.Deploy.0 = Debug|x86
		{0EF11555-FD50-4F27-9C44-12013F631CC0}.Release|Any CPU.ActiveCfg = Release|Any CPU
		{0EF11555-FD50-4F27-9C44-12013F631CC0}.Release|Any CPU.Build.0 = Release|Any CPU
		{0EF11555-FD50-4F27-9C44-12013F631CC0}.Release|Any CPU.Deploy.0 = Release|Any CPU
		{0EF11555-FD50-4F27-9C44-12013F631CC0}.Release|x64.ActiveCfg = Release|x64
		{0EF11555-FD50-4F27-9C44-12013F631CC0}.Release|x64.Build.0 = Release|x64
		{0EF11555-FD50-4F27-9C44-12013F631CC0}.Release|x64.Deploy.0 = Release|x64
		{0EF11555-FD50-4F27-9C44-12013F631CC0}.Release|x86.ActiveCfg = Release|x86
		{0EF11555-FD50-4F27-9C44-12013F631CC0}.Release|x86.Build.0 = Release|x86
		{0EF11555-FD50-4F27-9C44-12013F631CC0}.Release|x86.Deploy.0 = Release|x86
		{23A17DA3-3B6C-4084-99CF-CB90807C3356}.Debug|Any CPU.ActiveCfg = Debug|Any CPU
		{23A17DA3-3B6C-4084-99CF-CB90807C3356}.Debug|Any CPU.Build.0 = Debug|Any CPU
		{23A17DA3-3B6C-4084-99CF-CB90807C3356}.Debug|x64.ActiveCfg = Debug|x64
		{23A17DA3-3B6C-4084-99CF-CB90807C3356}.Debug|x64.Build.0 = Debug|x64
		{23A17DA3-3B6C-4084-99CF-CB90807C3356}.Debug|x86.ActiveCfg = Debug|x86
		{23A17DA3-3B6C-4084-99CF-CB90807C3356}.Debug|x86.Build.0 = Debug|x86
		{23A17DA3-3B6C-4084-99CF-CB90807C3356}.Release|Any CPU.ActiveCfg = Release|Any CPU
		{23A17DA3-3B6C-4084-99CF-CB90807C3356}.Release|Any CPU.Build.0 = Release|Any CPU
		{23A17DA3-3B6C-4084-99CF-CB90807C3356}.Release|x64.ActiveCfg = Release|x64
		{23A17DA3-3B6C-4084-99CF-CB90807C3356}.Release|x64.Build.0 = Release|x64
		{23A17DA3-3B6C-4084-99CF-CB90807C3356}.Release|x86.ActiveCfg = Release|x86
		{23A17DA3-3B6C-4084-99CF-CB90807C3356}.Release|x86.Build.0 = Release|x86
		{D9C9D7B6-607F-47E0-A012-95D2EA26522C}.Debug|Any CPU.ActiveCfg = Debug|Any CPU
		{D9C9D7B6-607F-47E0-A012-95D2EA26522C}.Debug|Any CPU.Build.0 = Debug|Any CPU
		{D9C9D7B6-607F-47E0-A012-95D2EA26522C}.Debug|x64.ActiveCfg = Debug|x64
		{D9C9D7B6-607F-47E0-A012-95D2EA26522C}.Debug|x64.Build.0 = Debug|x64
		{D9C9D7B6-607F-47E0-A012-95D2EA26522C}.Debug|x86.ActiveCfg = Debug|x86
		{D9C9D7B6-607F-47E0-A012-95D2EA26522C}.Debug|x86.Build.0 = Debug|x86
		{D9C9D7B6-607F-47E0-A012-95D2EA26522C}.Release|Any CPU.ActiveCfg = Release|Any CPU
		{D9C9D7B6-607F-47E0-A012-95D2EA26522C}.Release|Any CPU.Build.0 = Release|Any CPU
		{D9C9D7B6-607F-47E0-A012-95D2EA26522C}.Release|x64.ActiveCfg = Release|x64
		{D9C9D7B6-607F-47E0-A012-95D2EA26522C}.Release|x64.Build.0 = Release|x64
		{D9C9D7B6-607F-47E0-A012-95D2EA26522C}.Release|x86.ActiveCfg = Release|x86
		{D9C9D7B6-607F-47E0-A012-95D2EA26522C}.Release|x86.Build.0 = Release|x86
		{47713386-22CC-4034-8937-4D3B5AAD8B7F}.Debug|Any CPU.ActiveCfg = Debug|Any CPU
		{47713386-22CC-4034-8937-4D3B5AAD8B7F}.Debug|Any CPU.Build.0 = Debug|Any CPU
		{47713386-22CC-4034-8937-4D3B5AAD8B7F}.Debug|x64.ActiveCfg = Debug|x64
		{47713386-22CC-4034-8937-4D3B5AAD8B7F}.Debug|x64.Build.0 = Debug|x64
		{47713386-22CC-4034-8937-4D3B5AAD8B7F}.Debug|x86.ActiveCfg = Debug|x86
		{47713386-22CC-4034-8937-4D3B5AAD8B7F}.Debug|x86.Build.0 = Debug|x86
		{47713386-22CC-4034-8937-4D3B5AAD8B7F}.Release|Any CPU.ActiveCfg = Release|Any CPU
		{47713386-22CC-4034-8937-4D3B5AAD8B7F}.Release|Any CPU.Build.0 = Release|Any CPU
		{47713386-22CC-4034-8937-4D3B5AAD8B7F}.Release|x64.ActiveCfg = Release|x64
		{47713386-22CC-4034-8937-4D3B5AAD8B7F}.Release|x64.Build.0 = Release|x64
		{47713386-22CC-4034-8937-4D3B5AAD8B7F}.Release|x86.ActiveCfg = Release|x86
		{47713386-22CC-4034-8937-4D3B5AAD8B7F}.Release|x86.Build.0 = Release|x86
		{0B364D67-F5DF-499D-87E3-93EBA78CFB11}.Debug|Any CPU.ActiveCfg = Debug|Any CPU
		{0B364D67-F5DF-499D-87E3-93EBA78CFB11}.Debug|Any CPU.Build.0 = Debug|Any CPU
		{0B364D67-F5DF-499D-87E3-93EBA78CFB11}.Debug|x64.ActiveCfg = Debug|x64
		{0B364D67-F5DF-499D-87E3-93EBA78CFB11}.Debug|x64.Build.0 = Debug|x64
		{0B364D67-F5DF-499D-87E3-93EBA78CFB11}.Debug|x86.ActiveCfg = Debug|x86
		{0B364D67-F5DF-499D-87E3-93EBA78CFB11}.Debug|x86.Build.0 = Debug|x86
		{0B364D67-F5DF-499D-87E3-93EBA78CFB11}.Release|Any CPU.ActiveCfg = Release|Any CPU
		{0B364D67-F5DF-499D-87E3-93EBA78CFB11}.Release|Any CPU.Build.0 = Release|Any CPU
		{0B364D67-F5DF-499D-87E3-93EBA78CFB11}.Release|x64.ActiveCfg = Release|x64
		{0B364D67-F5DF-499D-87E3-93EBA78CFB11}.Release|x64.Build.0 = Release|x64
		{0B364D67-F5DF-499D-87E3-93EBA78CFB11}.Release|x86.ActiveCfg = Release|x86
		{0B364D67-F5DF-499D-87E3-93EBA78CFB11}.Release|x86.Build.0 = Release|x86
		{E91D5857-D99B-4825-BAE8-5CF06C706A3D}.Debug|Any CPU.ActiveCfg = Debug|Any CPU
		{E91D5857-D99B-4825-BAE8-5CF06C706A3D}.Debug|Any CPU.Build.0 = Debug|Any CPU
		{E91D5857-D99B-4825-BAE8-5CF06C706A3D}.Debug|x64.ActiveCfg = Debug|x64
		{E91D5857-D99B-4825-BAE8-5CF06C706A3D}.Debug|x64.Build.0 = Debug|x64
		{E91D5857-D99B-4825-BAE8-5CF06C706A3D}.Debug|x86.ActiveCfg = Debug|x86
		{E91D5857-D99B-4825-BAE8-5CF06C706A3D}.Debug|x86.Build.0 = Debug|x86
		{E91D5857-D99B-4825-BAE8-5CF06C706A3D}.Release|Any CPU.ActiveCfg = Release|Any CPU
		{E91D5857-D99B-4825-BAE8-5CF06C706A3D}.Release|Any CPU.Build.0 = Release|Any CPU
		{E91D5857-D99B-4825-BAE8-5CF06C706A3D}.Release|x64.ActiveCfg = Release|x64
		{E91D5857-D99B-4825-BAE8-5CF06C706A3D}.Release|x64.Build.0 = Release|x64
		{E91D5857-D99B-4825-BAE8-5CF06C706A3D}.Release|x86.ActiveCfg = Release|x86
		{E91D5857-D99B-4825-BAE8-5CF06C706A3D}.Release|x86.Build.0 = Release|x86
		{FCAECAF2-A2BB-4EFB-B148-5CFCFBE21B66}.Debug|Any CPU.ActiveCfg = Debug|Any CPU
		{FCAECAF2-A2BB-4EFB-B148-5CFCFBE21B66}.Debug|Any CPU.Build.0 = Debug|Any CPU
		{FCAECAF2-A2BB-4EFB-B148-5CFCFBE21B66}.Debug|x64.ActiveCfg = Debug|x64
		{FCAECAF2-A2BB-4EFB-B148-5CFCFBE21B66}.Debug|x64.Build.0 = Debug|x64
		{FCAECAF2-A2BB-4EFB-B148-5CFCFBE21B66}.Debug|x86.ActiveCfg = Debug|x86
		{FCAECAF2-A2BB-4EFB-B148-5CFCFBE21B66}.Debug|x86.Build.0 = Debug|x86
		{FCAECAF2-A2BB-4EFB-B148-5CFCFBE21B66}.Release|Any CPU.ActiveCfg = Release|Any CPU
		{FCAECAF2-A2BB-4EFB-B148-5CFCFBE21B66}.Release|Any CPU.Build.0 = Release|Any CPU
		{FCAECAF2-A2BB-4EFB-B148-5CFCFBE21B66}.Release|x64.ActiveCfg = Release|x64
		{FCAECAF2-A2BB-4EFB-B148-5CFCFBE21B66}.Release|x64.Build.0 = Release|x64
		{FCAECAF2-A2BB-4EFB-B148-5CFCFBE21B66}.Release|x86.ActiveCfg = Release|x86
		{FCAECAF2-A2BB-4EFB-B148-5CFCFBE21B66}.Release|x86.Build.0 = Release|x86
		{DE496973-881C-492F-8C18-BAFB0D6EDDE4}.Debug|Any CPU.ActiveCfg = Debug|Any CPU
		{DE496973-881C-492F-8C18-BAFB0D6EDDE4}.Debug|Any CPU.Build.0 = Debug|Any CPU
		{DE496973-881C-492F-8C18-BAFB0D6EDDE4}.Debug|x64.ActiveCfg = Debug|x64
		{DE496973-881C-492F-8C18-BAFB0D6EDDE4}.Debug|x64.Build.0 = Debug|x64
		{DE496973-881C-492F-8C18-BAFB0D6EDDE4}.Debug|x86.ActiveCfg = Debug|x86
		{DE496973-881C-492F-8C18-BAFB0D6EDDE4}.Debug|x86.Build.0 = Debug|x86
		{DE496973-881C-492F-8C18-BAFB0D6EDDE4}.Release|Any CPU.ActiveCfg = Release|Any CPU
		{DE496973-881C-492F-8C18-BAFB0D6EDDE4}.Release|Any CPU.Build.0 = Release|Any CPU
		{DE496973-881C-492F-8C18-BAFB0D6EDDE4}.Release|x64.ActiveCfg = Release|x64
		{DE496973-881C-492F-8C18-BAFB0D6EDDE4}.Release|x64.Build.0 = Release|x64
		{DE496973-881C-492F-8C18-BAFB0D6EDDE4}.Release|x86.ActiveCfg = Release|x86
		{DE496973-881C-492F-8C18-BAFB0D6EDDE4}.Release|x86.Build.0 = Release|x86
		{8D1B7825-C616-4690-89F2-0A26D3368C91}.Debug|Any CPU.ActiveCfg = Debug|Any CPU
		{8D1B7825-C616-4690-89F2-0A26D3368C91}.Debug|Any CPU.Build.0 = Debug|Any CPU
		{8D1B7825-C616-4690-89F2-0A26D3368C91}.Debug|x64.ActiveCfg = Debug|x64
		{8D1B7825-C616-4690-89F2-0A26D3368C91}.Debug|x64.Build.0 = Debug|x64
		{8D1B7825-C616-4690-89F2-0A26D3368C91}.Debug|x86.ActiveCfg = Debug|Any CPU
		{8D1B7825-C616-4690-89F2-0A26D3368C91}.Debug|x86.Build.0 = Debug|Any CPU
		{8D1B7825-C616-4690-89F2-0A26D3368C91}.Release|Any CPU.ActiveCfg = Release|Any CPU
		{8D1B7825-C616-4690-89F2-0A26D3368C91}.Release|Any CPU.Build.0 = Release|Any CPU
		{8D1B7825-C616-4690-89F2-0A26D3368C91}.Release|x64.ActiveCfg = Release|x64
		{8D1B7825-C616-4690-89F2-0A26D3368C91}.Release|x64.Build.0 = Release|x64
		{8D1B7825-C616-4690-89F2-0A26D3368C91}.Release|x86.ActiveCfg = Release|Any CPU
		{8D1B7825-C616-4690-89F2-0A26D3368C91}.Release|x86.Build.0 = Release|Any CPU
		{E8B519AA-E3EE-4F38-8156-CEBF475EEA33}.Debug|Any CPU.ActiveCfg = Debug|Any CPU
		{E8B519AA-E3EE-4F38-8156-CEBF475EEA33}.Debug|Any CPU.Build.0 = Debug|Any CPU
		{E8B519AA-E3EE-4F38-8156-CEBF475EEA33}.Debug|x64.ActiveCfg = Debug|x64
		{E8B519AA-E3EE-4F38-8156-CEBF475EEA33}.Debug|x64.Build.0 = Debug|x64
		{E8B519AA-E3EE-4F38-8156-CEBF475EEA33}.Debug|x86.ActiveCfg = Debug|Any CPU
		{E8B519AA-E3EE-4F38-8156-CEBF475EEA33}.Debug|x86.Build.0 = Debug|Any CPU
		{E8B519AA-E3EE-4F38-8156-CEBF475EEA33}.Release|Any CPU.ActiveCfg = Release|Any CPU
		{E8B519AA-E3EE-4F38-8156-CEBF475EEA33}.Release|Any CPU.Build.0 = Release|Any CPU
		{E8B519AA-E3EE-4F38-8156-CEBF475EEA33}.Release|x64.ActiveCfg = Release|x64
		{E8B519AA-E3EE-4F38-8156-CEBF475EEA33}.Release|x64.Build.0 = Release|x64
		{E8B519AA-E3EE-4F38-8156-CEBF475EEA33}.Release|x86.ActiveCfg = Release|Any CPU
		{E8B519AA-E3EE-4F38-8156-CEBF475EEA33}.Release|x86.Build.0 = Release|Any CPU
	EndGlobalSection
	GlobalSection(SolutionProperties) = preSolution
		HideSolutionNode = FALSE
	EndGlobalSection
	GlobalSection(NestedProjects) = preSolution
		{46466851-09E7-4728-B36F-EC370C6BA8B9} = {7245F173-F11A-4400-AF87-FD8F500389F7}
		{9D25F4C8-AED5-47AD-BA0F-595C9357501C} = {7245F173-F11A-4400-AF87-FD8F500389F7}
		{88EEF479-C82C-4ABA-A2AB-AE1221D5206A} = {7245F173-F11A-4400-AF87-FD8F500389F7}
		{47713386-22CC-4034-8937-4D3B5AAD8B7F} = {46466851-09E7-4728-B36F-EC370C6BA8B9}
		{0B364D67-F5DF-499D-87E3-93EBA78CFB11} = {46466851-09E7-4728-B36F-EC370C6BA8B9}
		{E91D5857-D99B-4825-BAE8-5CF06C706A3D} = {46466851-09E7-4728-B36F-EC370C6BA8B9}
		{FCAECAF2-A2BB-4EFB-B148-5CFCFBE21B66} = {9D25F4C8-AED5-47AD-BA0F-595C9357501C}
		{DE496973-881C-492F-8C18-BAFB0D6EDDE4} = {9D25F4C8-AED5-47AD-BA0F-595C9357501C}
		{8D1B7825-C616-4690-89F2-0A26D3368C91} = {88EEF479-C82C-4ABA-A2AB-AE1221D5206A}
		{E8B519AA-E3EE-4F38-8156-CEBF475EEA33} = {88EEF479-C82C-4ABA-A2AB-AE1221D5206A}
	EndGlobalSection
	GlobalSection(ExtensibilityGlobals) = postSolution
		SolutionGuid = {F768AC96-6F14-464D-9A40-D16BC5DC2FE0}
	EndGlobalSection
EndGlobal
